
Microsoft Visual Studio Solution File, Format Version 12.00
# Visual Studio Version 16
VisualStudioVersion = 16.0.30717.126
MinimumVisualStudioVersion = 10.0.40219.1
Project("{FAE04EC0-301F-11D3-BF4B-00C04F79EFBC}") = "AlgoritmosApp", "AlgoritmosApp\AlgoritmosApp.csproj", "{881897A8-9182-4011-A5A7-F966F0B8A51D}"
EndProject
Project("{FAE04EC0-301F-11D3-BF4B-00C04F79EFBC}") = "AlgoritmosCore", "AlgoritmosCore\AlgoritmosCore.csproj", "{2A0A7E6C-766A-4279-88B5-A72AF1A67C6A}"
EndProject
Global
	GlobalSection(SolutionConfigurationPlatforms) = preSolution
		Debug|Any CPU = Debug|Any CPU
		Release|Any CPU = Release|Any CPU
	EndGlobalSection
	GlobalSection(ProjectConfigurationPlatforms) = postSolution
		{881897A8-9182-4011-A5A7-F966F0B8A51D}.Debug|Any CPU.ActiveCfg = Debug|Any CPU
		{881897A8-9182-4011-A5A7-F966F0B8A51D}.Debug|Any CPU.Build.0 = Debug|Any CPU
		{881897A8-9182-4011-A5A7-F966F0B8A51D}.Release|Any CPU.ActiveCfg = Release|Any CPU
		{881897A8-9182-4011-A5A7-F966F0B8A51D}.Release|Any CPU.Build.0 = Release|Any CPU
		{2A0A7E6C-766A-4279-88B5-A72AF1A67C6A}.Debug|Any CPU.ActiveCfg = Debug|Any CPU
		{2A0A7E6C-766A-4279-88B5-A72AF1A67C6A}.Debug|Any CPU.Build.0 = Debug|Any CPU
		{2A0A7E6C-766A-4279-88B5-A72AF1A67C6A}.Release|Any CPU.ActiveCfg = Release|Any CPU
		{2A0A7E6C-766A-4279-88B5-A72AF1A67C6A}.Release|Any CPU.Build.0 = Release|Any CPU
	EndGlobalSection
	GlobalSection(SolutionProperties) = preSolution
		HideSolutionNode = FALSE
	EndGlobalSection
	GlobalSection(ExtensibilityGlobals) = postSolution
		SolutionGuid = {C7A779AF-863D-466F-B78E-45C4DE1C3C8D}
	EndGlobalSection
EndGlobal
